<?xml version="1.0" encoding="utf-8"?>
<Project ToolsVersion="4.0" xmlns="http://schemas.microsoft.com/developer/msbuild/2003">
  <ItemGroup>
    <Filter Include="Source Files">
      <UniqueIdentifier>{4FC737F1-C7A5-4376-A066-2A32D752A2FF}</UniqueIdentifier>
      <Extensions>cpp;c;cc;cxx;c++;def;odl;idl;hpj;bat;asm;asmx</Extensions>
    </Filter>
    <Filter Include="Header Files">
      <UniqueIdentifier>{93995380-89BD-4b04-88EB-625FBE52EBFB}</UniqueIdentifier>
      <Extensions>h;hh;hpp;hxx;h++;hm;inl;inc;ipp;xsd</Extensions>
    </Filter>
    <Filter Include="Resource Files">
      <UniqueIdentifier>{67DA6AB6-F800-4c08-8B7A-83BB121AAD01}</UniqueIdentifier>
      <Extensions>rc;ico;cur;bmp;dlg;rc2;rct;bin;rgs;gif;jpg;jpeg;jpe;resx;tiff;tif;png;wav;mfcribbon-ms</Extensions>
    </Filter>
    <Filter Include="src\file">
      <UniqueIdentifier>{e9d79d62-d43f-4cd5-a8cc-b85122735072}</UniqueIdentifier>
    </Filter>
    <Filter Include="src\filter">
      <UniqueIdentifier>{9640ca62-e1c3-485e-b510-770803fd1825}</UniqueIdentifier>
    </Filter>
    <Filter Include="src\model">
      <UniqueIdentifier>{b7cb947a-b9cc-43a3-91e9-f0b49f39101f}</UniqueIdentifier>
    </Filter>
    <Filter Include="src\text">
      <UniqueIdentifier>{648bde0f-1376-450c-8c89-e9b4863d8783}</UniqueIdentifier>
    </Filter>
    <Filter Include="src\lstm">
      <UniqueIdentifier>{73abd1bc-6333-4b69-a064-57ad2414ab30}</UniqueIdentifier>
    </Filter>
  </ItemGroup>
  <ItemGroup>
    <ClCompile Include="src\paq8px.cpp">
      <Filter>Source Files</Filter>
    </ClCompile>
    <ClCompile Include="src\AdaptiveMap.cpp">
      <Filter>Source Files</Filter>
    </ClCompile>
    <ClCompile Include="src\APM.cpp">
      <Filter>Source Files</Filter>
    </ClCompile>
    <ClCompile Include="src\APM1.cpp">
      <Filter>Source Files</Filter>
    </ClCompile>
    <ClCompile Include="src\ContextMap.cpp">
      <Filter>Source Files</Filter>
    </ClCompile>
    <ClCompile Include="src\ContextMap2.cpp">
      <Filter>Source Files</Filter>
    </ClCompile>
    <ClCompile Include="src\DummyMixer.cpp">
      <Filter>Source Files</Filter>
    </ClCompile>
    <ClCompile Include="src\Encoder.cpp">
      <Filter>Source Files</Filter>
    </ClCompile>
    <ClCompile Include="src\Ilog.cpp">
      <Filter>Source Files</Filter>
    </ClCompile>
    <ClCompile Include="src\IndirectMap.cpp">
      <Filter>Source Files</Filter>
    </ClCompile>
    <ClCompile Include="src\Mixer.cpp">
      <Filter>Source Files</Filter>
    </ClCompile>
    <ClCompile Include="src\MixerFactory.cpp">
      <Filter>Source Files</Filter>
    </ClCompile>
    <ClCompile Include="src\Models.cpp">
      <Filter>Source Files</Filter>
    </ClCompile>
    <ClCompile Include="src\MTFList.cpp">
      <Filter>Source Files</Filter>
    </ClCompile>
    <ClCompile Include="src\Predictor.cpp">
      <Filter>Source Files</Filter>
    </ClCompile>
    <ClCompile Include="src\ProgramChecker.cpp">
      <Filter>Source Files</Filter>
    </ClCompile>
    <ClCompile Include="src\Random.cpp">
      <Filter>Source Files</Filter>
    </ClCompile>
    <ClCompile Include="src\Shared.cpp">
      <Filter>Source Files</Filter>
    </ClCompile>
    <ClCompile Include="src\SmallStationaryContextMap.cpp">
      <Filter>Source Files</Filter>
    </ClCompile>
    <ClCompile Include="src\SSE.cpp">
      <Filter>Source Files</Filter>
    </ClCompile>
    <ClCompile Include="src\StateMap.cpp">
      <Filter>Source Files</Filter>
    </ClCompile>
    <ClCompile Include="src\StateTable.cpp">
      <Filter>Source Files</Filter>
    </ClCompile>
    <ClCompile Include="src\StationaryMap.cpp">
      <Filter>Source Files</Filter>
    </ClCompile>
    <ClCompile Include="src\String.cpp">
      <Filter>Source Files</Filter>
    </ClCompile>
    <ClCompile Include="src\UpdateBroadcaster.cpp">
      <Filter>Source Files</Filter>
    </ClCompile>
    <ClCompile Include="src\file\File.cpp">
      <Filter>file</Filter>
    </ClCompile>
    <ClCompile Include="src\file\FileDisk.cpp">
      <Filter>file</Filter>
    </ClCompile>
    <ClCompile Include="src\file\FileName.cpp">
      <Filter>file</Filter>
    </ClCompile>
    <ClCompile Include="src\file\FileTmp.cpp">
      <Filter>file</Filter>
    </ClCompile>
    <ClCompile Include="src\file\ListOfFiles.cpp">
      <Filter>file</Filter>
    </ClCompile>
    <ClCompile Include="src\file\OpenFromMyFolder.cpp">
      <Filter>file</Filter>
    </ClCompile>
    <ClCompile Include="src\filter\LZWDictionary.cpp">
      <Filter>filter</Filter>
    </ClCompile>
    <ClCompile Include="src\filter\TextParserStateInfo.cpp">
      <Filter>filter</Filter>
    </ClCompile>
    <ClCompile Include="src\model\Audio8BitModel.cpp">
      <Filter>model</Filter>
    </ClCompile>
    <ClCompile Include="src\model\Audio16BitModel.cpp">
      <Filter>model</Filter>
    </ClCompile>
    <ClCompile Include="src\model\AudioModel.cpp">
      <Filter>model</Filter>
    </ClCompile>
    <ClCompile Include="src\model\CharGroupModel.cpp">
      <Filter>model</Filter>
    </ClCompile>
    <ClCompile Include="src\model\ContextModel.cpp">
      <Filter>model</Filter>
    </ClCompile>
    <ClCompile Include="src\model\DmcForest.cpp">
      <Filter>model</Filter>
    </ClCompile>
    <ClCompile Include="src\model\DmcModel.cpp">
      <Filter>model</Filter>
    </ClCompile>
    <ClCompile Include="src\model\DmcNode.cpp">
      <Filter>model</Filter>
    </ClCompile>
    <ClCompile Include="src\model\ExeModel.cpp">
      <Filter>model</Filter>
    </ClCompile>
    <ClCompile Include="src\model\Image1BitModel.cpp">
      <Filter>model</Filter>
    </ClCompile>
    <ClCompile Include="src\model\Image4BitModel.cpp">
      <Filter>model</Filter>
    </ClCompile>
    <ClCompile Include="src\model\Image8BitModel.cpp">
      <Filter>model</Filter>
    </ClCompile>
    <ClCompile Include="src\model\Image24BitModel.cpp">
      <Filter>model</Filter>
    </ClCompile>
    <ClCompile Include="src\model\IndirectModel.cpp">
      <Filter>model</Filter>
    </ClCompile>
    <ClCompile Include="src\model\JpegModel.cpp">
      <Filter>model</Filter>
    </ClCompile>
    <ClCompile Include="src\model\LinearPredictionModel.cpp">
      <Filter>model</Filter>
    </ClCompile>
    <ClCompile Include="src\model\MatchModel.cpp">
      <Filter>model</Filter>
    </ClCompile>
    <ClCompile Include="src\model\NestModel.cpp">
      <Filter>model</Filter>
    </ClCompile>
    <ClCompile Include="src\model\NormalModel.cpp">
      <Filter>model</Filter>
    </ClCompile>
    <ClCompile Include="src\model\RecordModel.cpp">
      <Filter>model</Filter>
    </ClCompile>
    <ClCompile Include="src\model\SparseMatchModel.cpp">
      <Filter>model</Filter>
    </ClCompile>
    <ClCompile Include="src\model\SparseModel.cpp">
      <Filter>model</Filter>
    </ClCompile>
    <ClCompile Include="src\model\WordModel.cpp">
      <Filter>model</Filter>
    </ClCompile>
    <ClCompile Include="src\model\XMLModel.cpp">
      <Filter>model</Filter>
    </ClCompile>
    <ClCompile Include="src\text\English.cpp">
      <Filter>text</Filter>
    </ClCompile>
    <ClCompile Include="src\text\EnglishStemmer.cpp">
      <Filter>text</Filter>
    </ClCompile>
    <ClCompile Include="src\text\French.cpp">
      <Filter>text</Filter>
    </ClCompile>
    <ClCompile Include="src\text\FrenchStemmer.cpp">
      <Filter>text</Filter>
    </ClCompile>
    <ClCompile Include="src\text\German.cpp">
      <Filter>text</Filter>
    </ClCompile>
    <ClCompile Include="src\text\GermanStemmer.cpp">
      <Filter>text</Filter>
    </ClCompile>
    <ClCompile Include="src\text\Stemmer.cpp">
      <Filter>text</Filter>
    </ClCompile>
    <ClCompile Include="src\text\TextModel.cpp">
      <Filter>text</Filter>
    </ClCompile>
    <ClCompile Include="src\text\Word.cpp">
      <Filter>text</Filter>
    </ClCompile>
    <ClCompile Include="src\text\WordEmbeddingDictionary.cpp">
      <Filter>text</Filter>
    </ClCompile>
    <ClCompile Include="src\Clz.hpp">
      <Filter>Header Files</Filter>
    </ClCompile>
    <ClCompile Include="src\ArithmeticEncoder.cpp">
      <Filter>Source Files</Filter>
    </ClCompile>
    <ClCompile Include="src\filter\DecAlpha.cpp">
      <Filter>filter</Filter>
    </ClCompile>
    <ClCompile Include="src\model\SparseBitModel.cpp">
      <Filter>model</Filter>
    </ClCompile>
    <ClCompile Include="src\LargeStationaryMap.cpp">
      <Filter>Source Files</Filter>
    </ClCompile>
    <ClCompile Include="src\model\WordModelInfo.cpp">
      <Filter>model</Filter>
    </ClCompile>
    <ClCompile Include="src\APMPost.cpp">
      <Filter>Source Files</Filter>
    </ClCompile>
    <ClCompile Include="src\model\ContextModelGeneric.cpp">
      <Filter>model</Filter>
    </ClCompile>
    <ClCompile Include="src\model\ContextModelAudio8.cpp">
      <Filter>model</Filter>
    </ClCompile>
    <ClCompile Include="src\model\ContextModelAudio16.cpp">
      <Filter>model</Filter>
    </ClCompile>
    <ClCompile Include="src\model\ContextModelJpeg.cpp">
      <Filter>model</Filter>
    </ClCompile>
    <ClCompile Include="src\model\ContextModelImage1.cpp">
      <Filter>model</Filter>
    </ClCompile>
    <ClCompile Include="src\model\ContextModelImage4.cpp">
      <Filter>model</Filter>
    </ClCompile>
    <ClCompile Include="src\model\ContextModelImage8.cpp">
      <Filter>model</Filter>
    </ClCompile>
    <ClCompile Include="src\model\ContextModelImage24.cpp">
      <Filter>model</Filter>
    </ClCompile>
    <ClCompile Include="src\model\ContextModelText.cpp">
      <Filter>model</Filter>
    </ClCompile>
    <ClCompile Include="src\model\ContextModelDec.cpp">
      <Filter>model</Filter>
    </ClCompile>
    <ClCompile Include="src\model\ChartModel.cpp">
      <Filter>model</Filter>
    </ClCompile>
    <ClCompile Include="src\Stretch.cpp">
      <Filter>Source Files</Filter>
    </ClCompile>
    <ClCompile Include="src\Squash.cpp">
      <Filter>Source Files</Filter>
    </ClCompile>
    <ClCompile Include="src\BitCount.cpp">
      <Filter>Source Files</Filter>
    </ClCompile>
    <ClCompile Include="src\BlockType.cpp">
      <Filter>Source Files</Filter>
    </ClCompile>
    <ClCompile Include="src\Block.cpp">
      <Filter>Source Files</Filter>
    </ClCompile>
    <ClCompile Include="src\model\BlockModel.cpp">
      <Filter>model</Filter>
    </ClCompile>
    <ClCompile Include="src\model\ContextModelBlock.cpp">
      <Filter>model</Filter>
    </ClCompile>
    <ClCompile Include="src\PredictorBlock.cpp">
      <Filter>Source Files</Filter>
    </ClCompile>
    <ClCompile Include="src\PredictorMain.cpp">
      <Filter>Source Files</Filter>
    </ClCompile>
    <ClCompile Include="src\StateMapPair.cpp">
      <Filter>Source Files</Filter>
    </ClCompile>
  </ItemGroup>
  <ItemGroup>
    <ClInclude Include="src\AdaptiveMap.hpp">
      <Filter>Header Files</Filter>
    </ClInclude>
    <ClInclude Include="src\APM.hpp">
      <Filter>Header Files</Filter>
    </ClInclude>
    <ClInclude Include="src\APM1.hpp">
      <Filter>Header Files</Filter>
    </ClInclude>
    <ClInclude Include="src\Array.hpp">
      <Filter>Header Files</Filter>
    </ClInclude>
    <ClInclude Include="src\BH.hpp">
      <Filter>Header Files</Filter>
    </ClInclude>
    <ClInclude Include="src\ContextMap.hpp">
      <Filter>Header Files</Filter>
    </ClInclude>
    <ClInclude Include="src\ContextMap2.hpp">
      <Filter>Header Files</Filter>
    </ClInclude>
    <ClInclude Include="src\DivisionTable.hpp">
      <Filter>Header Files</Filter>
    </ClInclude>
    <ClInclude Include="src\DummyMixer.hpp">
      <Filter>Header Files</Filter>
    </ClInclude>
    <ClInclude Include="src\Encoder.hpp">
      <Filter>Header Files</Filter>
    </ClInclude>
    <ClInclude Include="src\Hash.hpp">
      <Filter>Header Files</Filter>
    </ClInclude>
    <ClInclude Include="src\Ilog.hpp">
      <Filter>Header Files</Filter>
    </ClInclude>
    <ClInclude Include="src\IndirectContext.hpp">
      <Filter>Header Files</Filter>
    </ClInclude>
    <ClInclude Include="src\IndirectMap.hpp">
      <Filter>Header Files</Filter>
    </ClInclude>
    <ClInclude Include="src\IPredictor.hpp">
      <Filter>Header Files</Filter>
    </ClInclude>
    <ClInclude Include="src\LMS.hpp">
      <Filter>Header Files</Filter>
    </ClInclude>
    <ClInclude Include="src\Mixer.hpp">
      <Filter>Header Files</Filter>
    </ClInclude>
    <ClInclude Include="src\MixerFactory.hpp">
      <Filter>Header Files</Filter>
    </ClInclude>
    <ClInclude Include="src\Models.hpp">
      <Filter>Header Files</Filter>
    </ClInclude>
    <ClInclude Include="src\MTFList.hpp">
      <Filter>Header Files</Filter>
    </ClInclude>
    <ClInclude Include="src\OLS.hpp">
      <Filter>Header Files</Filter>
    </ClInclude>
    <ClInclude Include="src\Predictor.hpp">
      <Filter>Header Files</Filter>
    </ClInclude>
    <ClInclude Include="src\ProgramChecker.hpp">
      <Filter>Header Files</Filter>
    </ClInclude>
    <ClInclude Include="src\Random.hpp">
      <Filter>Header Files</Filter>
    </ClInclude>
    <ClInclude Include="src\RingBuffer.hpp">
      <Filter>Header Files</Filter>
    </ClInclude>
    <ClInclude Include="src\Shared.hpp">
      <Filter>Header Files</Filter>
    </ClInclude>
    <ClInclude Include="src\simd.hpp">
      <Filter>Header Files</Filter>
    </ClInclude>
    <ClInclude Include="src\SimdMixer.hpp">
      <Filter>Header Files</Filter>
    </ClInclude>
    <ClInclude Include="src\SmallStationaryContextMap.hpp">
      <Filter>Header Files</Filter>
    </ClInclude>
    <ClInclude Include="src\Squash.hpp">
      <Filter>Header Files</Filter>
    </ClInclude>
    <ClInclude Include="src\SSE.hpp">
      <Filter>Header Files</Filter>
    </ClInclude>
    <ClInclude Include="src\StateMap.hpp">
      <Filter>Header Files</Filter>
    </ClInclude>
    <ClInclude Include="src\StateTable.hpp">
      <Filter>Header Files</Filter>
    </ClInclude>
    <ClInclude Include="src\StationaryMap.hpp">
      <Filter>Header Files</Filter>
    </ClInclude>
    <ClInclude Include="src\Stretch.hpp">
      <Filter>Header Files</Filter>
    </ClInclude>
    <ClInclude Include="src\String.hpp">
      <Filter>Header Files</Filter>
    </ClInclude>
    <ClInclude Include="src\UpdateBroadcaster.hpp">
      <Filter>Header Files</Filter>
    </ClInclude>
    <ClInclude Include="src\Utils.hpp">
      <Filter>Header Files</Filter>
    </ClInclude>
    <ClInclude Include="src\file\File.hpp">
      <Filter>file</Filter>
    </ClInclude>
    <ClInclude Include="src\file\FileDisk.hpp">
      <Filter>file</Filter>
    </ClInclude>
    <ClInclude Include="src\file\FileName.hpp">
      <Filter>file</Filter>
    </ClInclude>
    <ClInclude Include="src\file\FileTmp.hpp">
      <Filter>file</Filter>
    </ClInclude>
    <ClInclude Include="src\file\fileUtils.hpp">
      <Filter>file</Filter>
    </ClInclude>
    <ClInclude Include="src\file\fileUtils2.hpp">
      <Filter>file</Filter>
    </ClInclude>
    <ClInclude Include="src\file\ListOfFiles.hpp">
      <Filter>file</Filter>
    </ClInclude>
    <ClInclude Include="src\file\OpenFromMyFolder.hpp">
      <Filter>file</Filter>
    </ClInclude>
    <ClInclude Include="src\filter\base64.hpp">
      <Filter>filter</Filter>
    </ClInclude>
    <ClInclude Include="src\filter\bmp.hpp">
      <Filter>filter</Filter>
    </ClInclude>
    <ClInclude Include="src\filter\cd.hpp">
      <Filter>filter</Filter>
    </ClInclude>
    <ClInclude Include="src\filter\ecc.hpp">
      <Filter>filter</Filter>
    </ClInclude>
    <ClInclude Include="src\filter\endianness16b.hpp">
      <Filter>filter</Filter>
    </ClInclude>
    <ClInclude Include="src\filter\eol.hpp">
      <Filter>filter</Filter>
    </ClInclude>
    <ClInclude Include="src\filter\exe.hpp">
      <Filter>filter</Filter>
    </ClInclude>
    <ClInclude Include="src\filter\Filter.hpp">
      <Filter>filter</Filter>
    </ClInclude>
    <ClInclude Include="src\filter\Filters.hpp">
      <Filter>filter</Filter>
    </ClInclude>
    <ClInclude Include="src\filter\gif.hpp">
      <Filter>filter</Filter>
    </ClInclude>
    <ClInclude Include="src\filter\lzw.hpp">
      <Filter>filter</Filter>
    </ClInclude>
    <ClInclude Include="src\filter\LZWDictionary.hpp">
      <Filter>filter</Filter>
    </ClInclude>
    <ClInclude Include="src\filter\LZWEntry.hpp">
      <Filter>filter</Filter>
    </ClInclude>
    <ClInclude Include="src\filter\rle.hpp">
      <Filter>filter</Filter>
    </ClInclude>
    <ClInclude Include="src\filter\TextParserStateInfo.hpp">
      <Filter>filter</Filter>
    </ClInclude>
    <ClInclude Include="src\filter\zlib.hpp">
      <Filter>filter</Filter>
    </ClInclude>
    <ClInclude Include="src\model\Audio8BitModel.hpp">
      <Filter>model</Filter>
    </ClInclude>
    <ClInclude Include="src\model\Audio16BitModel.hpp">
      <Filter>model</Filter>
    </ClInclude>
    <ClInclude Include="src\model\AudioModel.hpp">
      <Filter>model</Filter>
    </ClInclude>
    <ClInclude Include="src\model\CharGroupModel.hpp">
      <Filter>model</Filter>
    </ClInclude>
    <ClInclude Include="src\model\ContextModel.hpp">
      <Filter>model</Filter>
    </ClInclude>
    <ClInclude Include="src\model\DmcForest.hpp">
      <Filter>model</Filter>
    </ClInclude>
    <ClInclude Include="src\model\DmcModel.hpp">
      <Filter>model</Filter>
    </ClInclude>
    <ClInclude Include="src\model\DmcNode.hpp">
      <Filter>model</Filter>
    </ClInclude>
    <ClInclude Include="src\model\ExeModel.hpp">
      <Filter>model</Filter>
    </ClInclude>
    <ClInclude Include="src\model\Image1BitModel.hpp">
      <Filter>model</Filter>
    </ClInclude>
    <ClInclude Include="src\model\Image4BitModel.hpp">
      <Filter>model</Filter>
    </ClInclude>
    <ClInclude Include="src\model\Image8BitModel.hpp">
      <Filter>model</Filter>
    </ClInclude>
    <ClInclude Include="src\model\Image24BitModel.hpp">
      <Filter>model</Filter>
    </ClInclude>
    <ClInclude Include="src\model\IndirectModel.hpp">
      <Filter>model</Filter>
    </ClInclude>
    <ClInclude Include="src\model\WordModelInfo.hpp">
      <Filter>model</Filter>
    </ClInclude>
    <ClInclude Include="src\model\JpegModel.hpp">
      <Filter>model</Filter>
    </ClInclude>
    <ClInclude Include="src\model\LinearPredictionModel.hpp">
      <Filter>model</Filter>
    </ClInclude>
    <ClInclude Include="src\model\MatchModel.hpp">
      <Filter>model</Filter>
    </ClInclude>
    <ClInclude Include="src\model\NestModel.hpp">
      <Filter>model</Filter>
    </ClInclude>
    <ClInclude Include="src\model\NormalModel.hpp">
      <Filter>model</Filter>
    </ClInclude>
    <ClInclude Include="src\model\RecordModel.hpp">
      <Filter>model</Filter>
    </ClInclude>
    <ClInclude Include="src\model\SparseMatchModel.hpp">
      <Filter>model</Filter>
    </ClInclude>
    <ClInclude Include="src\model\SparseModel.hpp">
      <Filter>model</Filter>
    </ClInclude>
    <ClInclude Include="src\model\WordModel.hpp">
      <Filter>model</Filter>
    </ClInclude>
    <ClInclude Include="src\model\XMLModel.hpp">
      <Filter>model</Filter>
    </ClInclude>
    <ClInclude Include="src\text\Cache.hpp">
      <Filter>text</Filter>
    </ClInclude>
    <ClInclude Include="src\text\English.hpp">
      <Filter>text</Filter>
    </ClInclude>
    <ClInclude Include="src\text\EnglishStemmer.hpp">
      <Filter>text</Filter>
    </ClInclude>
    <ClInclude Include="src\text\Entry.hpp">
      <Filter>text</Filter>
    </ClInclude>
    <ClInclude Include="src\text\French.hpp">
      <Filter>text</Filter>
    </ClInclude>
    <ClInclude Include="src\text\FrenchStemmer.hpp">
      <Filter>text</Filter>
    </ClInclude>
    <ClInclude Include="src\text\German.hpp">
      <Filter>text</Filter>
    </ClInclude>
    <ClInclude Include="src\text\GermanStemmer.hpp">
      <Filter>text</Filter>
    </ClInclude>
    <ClInclude Include="src\text\Language.hpp">
      <Filter>text</Filter>
    </ClInclude>
    <ClInclude Include="src\text\Paragraph.hpp">
      <Filter>text</Filter>
    </ClInclude>
    <ClInclude Include="src\text\Segment.hpp">
      <Filter>text</Filter>
    </ClInclude>
    <ClInclude Include="src\text\Sentence.hpp">
      <Filter>text</Filter>
    </ClInclude>
    <ClInclude Include="src\text\Stemmer.hpp">
      <Filter>text</Filter>
    </ClInclude>
    <ClInclude Include="src\text\TextModel.hpp">
      <Filter>text</Filter>
    </ClInclude>
    <ClInclude Include="src\text\Word.hpp">
      <Filter>text</Filter>
    </ClInclude>
    <ClInclude Include="src\text\WordEmbeddingDictionary.hpp">
      <Filter>text</Filter>
    </ClInclude>
    <ClInclude Include="src\BitCount.hpp">
      <Filter>Header Files</Filter>
    </ClInclude>
    <ClInclude Include="src\model\ImageModelsCommon.hpp">
      <Filter>model</Filter>
    </ClInclude>
    <ClInclude Include="src\TransformOptions.hpp">
      <Filter>Header Files</Filter>
    </ClInclude>
    <ClInclude Include="src\ArithmeticEncoder.hpp">
      <Filter>Header Files</Filter>
    </ClInclude>
    <ClInclude Include="src\lstm\Activations.hpp">
      <Filter>Header Files\lstm</Filter>
    </ClInclude>
    <ClInclude Include="src\lstm\Adam.hpp">
      <Filter>Header Files\lstm</Filter>
    </ClInclude>
    <ClInclude Include="src\lstm\CosineDecay.hpp">
      <Filter>Header Files\lstm</Filter>
    </ClInclude>
    <ClInclude Include="src\lstm\IDecay.hpp">
      <Filter>Header Files\lstm</Filter>
    </ClInclude>
    <ClInclude Include="src\lstm\IOptimizer.hpp">
      <Filter>Header Files\lstm</Filter>
    </ClInclude>
    <ClInclude Include="src\lstm\Layer.hpp">
      <Filter>Header Files\lstm</Filter>
    </ClInclude>
    <ClInclude Include="src\lstm\Lstm.hpp">
      <Filter>Header Files\lstm</Filter>
    </ClInclude>
    <ClInclude Include="src\lstm\LstmFactory.hpp">
      <Filter>Header Files\lstm</Filter>
    </ClInclude>
    <ClInclude Include="src\lstm\LstmLayer.hpp">
      <Filter>Header Files\lstm</Filter>
    </ClInclude>
    <ClInclude Include="src\lstm\LstmModel.hpp">
      <Filter>Header Files\lstm</Filter>
    </ClInclude>
    <ClInclude Include="src\lstm\PolynomialDecay.hpp">
      <Filter>Header Files\lstm</Filter>
    </ClInclude>
    <ClInclude Include="src\lstm\SimdFunctions.hpp">
      <Filter>Header Files\lstm</Filter>
    </ClInclude>
    <ClInclude Include="src\lstm\SimdLstmModel.hpp">
      <Filter>Header Files\lstm</Filter>
    </ClInclude>
    <ClInclude Include="src\model\DecAlphaModel.hpp">
      <Filter>model</Filter>
    </ClInclude>
    <ClInclude Include="src\filter\DecAlpha.hpp">
      <Filter>filter</Filter>
    </ClInclude>
    <ClInclude Include="src\filter\DecAlphaFilter.hpp">
      <Filter>filter</Filter>
    </ClInclude>
    <ClInclude Include="src\model\SparseBitModel.hpp">
      <Filter>model</Filter>
    </ClInclude>
    <ClInclude Include="src\LargeStationaryMap.hpp">
      <Filter>Header Files</Filter>
    </ClInclude>
    <ClInclude Include="src\Bucket16.hpp">
      <Filter>Header Files</Filter>
    </ClInclude>
    <ClInclude Include="src\LargeIndirectContext.hpp">
      <Filter>Header Files</Filter>
    </ClInclude>
    <ClInclude Include="src\HashElementForContextMap.hpp">
      <Filter>Header Files</Filter>
    </ClInclude>
    <ClInclude Include="src\HashElementForStationaryMap.hpp">
      <Filter>Header Files</Filter>
    </ClInclude>
    <ClInclude Include="src\HashElementForMatchPositions.hpp">
      <Filter>Header Files</Filter>
    </ClInclude>
    <ClInclude Include="src\HashElementForBitHistoryState.hpp">
      <Filter>Header Files</Filter>
    </ClInclude>
    <ClInclude Include="src\APMPost.hpp">
      <Filter>Header Files</Filter>
    </ClInclude>
    <ClInclude Include="src\model\ChartModel.hpp">
      <Filter>model</Filter>
    </ClInclude>
    <ClInclude Include="src\SystemDefines.hpp">
      <Filter>Header Files</Filter>
    </ClInclude>
    <ClInclude Include="src\BlockType.hpp">
      <Filter>Header Files</Filter>
    </ClInclude>
    <ClInclude Include="src\CharacterNames.hpp">
      <Filter>Header Files</Filter>
    </ClInclude>
    <ClInclude Include="src\SIMDType.hpp">
      <Filter>Header Files</Filter>
    </ClInclude>
    <ClInclude Include="src\filter\mrb.hpp">
      <Filter>filter</Filter>
    </ClInclude>
    <ClInclude Include="src\model\IContextModel.hpp">
      <Filter>model</Filter>
    </ClInclude>
    <ClInclude Include="src\Block.hpp">
      <Filter>Header Files</Filter>
    </ClInclude>
    <ClInclude Include="src\model\BlockModel.hpp">
      <Filter>model</Filter>
    </ClInclude>
    <ClInclude Include="src\model\ContextModelBlock.hpp">
      <Filter>Header Files</Filter>
    </ClInclude>
    <ClInclude Include="src\file\BitFileDisk.hpp">
      <Filter>file</Filter>
    </ClInclude>
    <ClInclude Include="src\PredictorBlock.hpp">
      <Filter>Header Files</Filter>
    </ClInclude>
    <ClInclude Include="src\PredictorMain.hpp">
      <Filter>Header Files</Filter>
    </ClInclude>
    <ClInclude Include="src\VLI.hpp">
      <Filter>Header Files</Filter>
    </ClInclude>
    <ClInclude Include="src\StateMapPair.hpp">
      <Filter>Header Files</Filter>
    </ClInclude>
    <ClInclude Include="src\lstm\IActivation.hpp">
      <Filter>Header Files\lstm</Filter>
    </ClInclude>
    <ClInclude Include="src\filter\png.hpp">
      <Filter>filter</Filter>
    </ClInclude>
    <ClInclude Include="src\filter\base85.hpp">
      <Filter>filter</Filter>
    </ClInclude>
    <ClInclude Include="src\filter\tar.hpp">
      <Filter>filter</Filter>
    </ClInclude>
  </ItemGroup>
  <ItemGroup>
    <None Include="packages.config" />
  </ItemGroup>
</Project>
